// !$*UTF8*$!
{
	archiveVersion = 1;
	classes = {
	};
	objectVersion = 56;
	objects = {

/* Begin PBXBuildFile section */
		FB0CB17D2980A37E00131F7E /* AppDelegate.swift in Sources */ = {isa = PBXBuildFile; fileRef = FB0CB17C2980A37E00131F7E /* AppDelegate.swift */; };
		FB0CB17F2980A37E00131F7E /* SceneDelegate.swift in Sources */ = {isa = PBXBuildFile; fileRef = FB0CB17E2980A37E00131F7E /* SceneDelegate.swift */; };
		FB0CB1842980A37E00131F7E /* Main.storyboard in Resources */ = {isa = PBXBuildFile; fileRef = FB0CB1822980A37E00131F7E /* Main.storyboard */; };
		FB0CB1862980A38200131F7E /* Assets.xcassets in Resources */ = {isa = PBXBuildFile; fileRef = FB0CB1852980A38200131F7E /* Assets.xcassets */; };
		FB0CB1892980A38200131F7E /* LaunchScreen.storyboard in Resources */ = {isa = PBXBuildFile; fileRef = FB0CB1872980A38200131F7E /* LaunchScreen.storyboard */; };
		FB0CB1912980A7FF00131F7E /* CategoryTableViewController.swift in Sources */ = {isa = PBXBuildFile; fileRef = FB0CB1902980A7FF00131F7E /* CategoryTableViewController.swift */; };
		FB0CB1932980A80E00131F7E /* MenuTableViewController.swift in Sources */ = {isa = PBXBuildFile; fileRef = FB0CB1922980A80E00131F7E /* MenuTableViewController.swift */; };
		FB0CB1952980A81900131F7E /* OrderTableViewController.swift in Sources */ = {isa = PBXBuildFile; fileRef = FB0CB1942980A81900131F7E /* OrderTableViewController.swift */; };
		FB0CB1972980A95E00131F7E /* MenuDetailViewController.swift in Sources */ = {isa = PBXBuildFile; fileRef = FB0CB1962980A95E00131F7E /* MenuDetailViewController.swift */; };
		FB0CB1992980AA6C00131F7E /* MenuItem.swift in Sources */ = {isa = PBXBuildFile; fileRef = FB0CB1982980AA6C00131F7E /* MenuItem.swift */; };
		FB0CB19B2980AB9100131F7E /* ResponseModels.swift in Sources */ = {isa = PBXBuildFile; fileRef = FB0CB19A2980AB9100131F7E /* ResponseModels.swift */; };
		FB0CB19D2980AD6D00131F7E /* Order.swift in Sources */ = {isa = PBXBuildFile; fileRef = FB0CB19C2980AD6D00131F7E /* Order.swift */; };
		FB0CB19F2980AE0B00131F7E /* MenuController.swift in Sources */ = {isa = PBXBuildFile; fileRef = FB0CB19E2980AE0B00131F7E /* MenuController.swift */; };
/* End PBXBuildFile section */

/* Begin PBXFileReference section */
		FB0CB1792980A37E00131F7E /* MyRestaurant.app */ = {isa = PBXFileReference; explicitFileType = wrapper.application; includeInIndex = 0; path = MyRestaurant.app; sourceTree = BUILT_PRODUCTS_DIR; };
		FB0CB17C2980A37E00131F7E /* AppDelegate.swift */ = {isa = PBXFileReference; lastKnownFileType = sourcecode.swift; path = AppDelegate.swift; sourceTree = "<group>"; };
		FB0CB17E2980A37E00131F7E /* SceneDelegate.swift */ = {isa = PBXFileReference; lastKnownFileType = sourcecode.swift; path = SceneDelegate.swift; sourceTree = "<group>"; };
		FB0CB1832980A37E00131F7E /* Base */ = {isa = PBXFileReference; lastKnownFileType = file.storyboard; name = Base; path = Base.lproj/Main.storyboard; sourceTree = "<group>"; };
		FB0CB1852980A38200131F7E /* Assets.xcassets */ = {isa = PBXFileReference; lastKnownFileType = folder.assetcatalog; path = Assets.xcassets; sourceTree = "<group>"; };
		FB0CB1882980A38200131F7E /* Base */ = {isa = PBXFileReference; lastKnownFileType = file.storyboard; name = Base; path = Base.lproj/LaunchScreen.storyboard; sourceTree = "<group>"; };
		FB0CB18A2980A38200131F7E /* Info.plist */ = {isa = PBXFileReference; lastKnownFileType = text.plist.xml; path = Info.plist; sourceTree = "<group>"; };
		FB0CB1902980A7FF00131F7E /* CategoryTableViewController.swift */ = {isa = PBXFileReference; lastKnownFileType = sourcecode.swift; path = CategoryTableViewController.swift; sourceTree = "<group>"; };
		FB0CB1922980A80E00131F7E /* MenuTableViewController.swift */ = {isa = PBXFileReference; lastKnownFileType = sourcecode.swift; path = MenuTableViewController.swift; sourceTree = "<group>"; };
		FB0CB1942980A81900131F7E /* OrderTableViewController.swift */ = {isa = PBXFileReference; lastKnownFileType = sourcecode.swift; path = OrderTableViewController.swift; sourceTree = "<group>"; };
		FB0CB1962980A95E00131F7E /* MenuDetailViewController.swift */ = {isa = PBXFileReference; lastKnownFileType = sourcecode.swift; path = MenuDetailViewController.swift; sourceTree = "<group>"; };
		FB0CB1982980AA6C00131F7E /* MenuItem.swift */ = {isa = PBXFileReference; lastKnownFileType = sourcecode.swift; path = MenuItem.swift; sourceTree = "<group>"; };
		FB0CB19A2980AB9100131F7E /* ResponseModels.swift */ = {isa = PBXFileReference; lastKnownFileType = sourcecode.swift; path = ResponseModels.swift; sourceTree = "<group>"; };
		FB0CB19C2980AD6D00131F7E /* Order.swift */ = {isa = PBXFileReference; lastKnownFileType = sourcecode.swift; path = Order.swift; sourceTree = "<group>"; };
		FB0CB19E2980AE0B00131F7E /* MenuController.swift */ = {isa = PBXFileReference; lastKnownFileType = sourcecode.swift; path = MenuController.swift; sourceTree = "<group>"; };
/* End PBXFileReference section */

/* Begin PBXFrameworksBuildPhase section */
		FB0CB1762980A37E00131F7E /* Frameworks */ = {
			isa = PBXFrameworksBuildPhase;
			buildActionMask = 2147483647;
			files = (
			);
			runOnlyForDeploymentPostprocessing = 0;
		};
/* End PBXFrameworksBuildPhase section */

/* Begin PBXGroup section */
		FB0CB1702980A37E00131F7E = {
			isa = PBXGroup;
			children = (
				FB0CB17B2980A37E00131F7E /* MyRestaurant */,
				FB0CB17A2980A37E00131F7E /* Products */,
			);
			sourceTree = "<group>";
		};
		FB0CB17A2980A37E00131F7E /* Products */ = {
			isa = PBXGroup;
			children = (
				FB0CB1792980A37E00131F7E /* MyRestaurant.app */,
			);
			name = Products;
			sourceTree = "<group>";
		};
		FB0CB17B2980A37E00131F7E /* MyRestaurant */ = {
			isa = PBXGroup;
			children = (
				FB0CB17C2980A37E00131F7E /* AppDelegate.swift */,
				FB0CB17E2980A37E00131F7E /* SceneDelegate.swift */,
				FB0CB1902980A7FF00131F7E /* CategoryTableViewController.swift */,
				FB0CB1922980A80E00131F7E /* MenuTableViewController.swift */,
				FB0CB1942980A81900131F7E /* OrderTableViewController.swift */,
				FB0CB1962980A95E00131F7E /* MenuDetailViewController.swift */,
				FB0CB1982980AA6C00131F7E /* MenuItem.swift */,
				FB0CB19C2980AD6D00131F7E /* Order.swift */,
				FB0CB19E2980AE0B00131F7E /* MenuController.swift */,
				FB0CB19A2980AB9100131F7E /* ResponseModels.swift */,
				FB0CB1822980A37E00131F7E /* Main.storyboard */,
				FB0CB1852980A38200131F7E /* Assets.xcassets */,
				FB0CB1872980A38200131F7E /* LaunchScreen.storyboard */,
				FB0CB18A2980A38200131F7E /* Info.plist */,
			);
			path = MyRestaurant;
			sourceTree = "<group>";
		};
/* End PBXGroup section */

/* Begin PBXNativeTarget section */
		FB0CB1782980A37E00131F7E /* MyRestaurant */ = {
			isa = PBXNativeTarget;
			buildConfigurationList = FB0CB18D2980A38200131F7E /* Build configuration list for PBXNativeTarget "MyRestaurant" */;
			buildPhases = (
				FB0CB1752980A37E00131F7E /* Sources */,
				FB0CB1762980A37E00131F7E /* Frameworks */,
				FB0CB1772980A37E00131F7E /* Resources */,
			);
			buildRules = (
			);
			dependencies = (
			);
			name = MyRestaurant;
			productName = MyRestaurant;
			productReference = FB0CB1792980A37E00131F7E /* MyRestaurant.app */;
			productType = "com.apple.product-type.application";
		};
/* End PBXNativeTarget section */

/* Begin PBXProject section */
		FB0CB1712980A37E00131F7E /* Project object */ = {
			isa = PBXProject;
			attributes = {
				BuildIndependentTargetsInParallel = 1;
				LastSwiftUpdateCheck = 1410;
				LastUpgradeCheck = 1410;
				TargetAttributes = {
					FB0CB1782980A37E00131F7E = {
						CreatedOnToolsVersion = 14.1;
					};
				};
			};
			buildConfigurationList = FB0CB1742980A37E00131F7E /* Build configuration list for PBXProject "MyRestaurant" */;
			compatibilityVersion = "Xcode 14.0";
			developmentRegion = en;
			hasScannedForEncodings = 0;
			knownRegions = (
				en,
				Base,
			);
			mainGroup = FB0CB1702980A37E00131F7E;
			productRefGroup = FB0CB17A2980A37E00131F7E /* Products */;
			projectDirPath = "";
			projectRoot = "";
			targets = (
				FB0CB1782980A37E00131F7E /* MyRestaurant */,
			);
		};
/* End PBXProject section */

/* Begin PBXResourcesBuildPhase section */
		FB0CB1772980A37E00131F7E /* Resources */ = {
			isa = PBXResourcesBuildPhase;
			buildActionMask = 2147483647;
			files = (
				FB0CB1892980A38200131F7E /* LaunchScreen.storyboard in Resources */,
				FB0CB1862980A38200131F7E /* Assets.xcassets in Resources */,
				FB0CB1842980A37E00131F7E /* Main.storyboard in Resources */,
			);
			runOnlyForDeploymentPostprocessing = 0;
		};
/* End PBXResourcesBuildPhase section */

/* Begin PBXSourcesBuildPhase section */
		FB0CB1752980A37E00131F7E /* Sources */ = {
			isa = PBXSourcesBuildPhase;
			buildActionMask = 2147483647;
			files = (
				FB0CB19F2980AE0B00131F7E /* MenuController.swift in Sources */,
				FB0CB1992980AA6C00131F7E /* MenuItem.swift in Sources */,
				FB0CB1972980A95E00131F7E /* MenuDetailViewController.swift in Sources */,
				FB0CB19B2980AB9100131F7E /* ResponseModels.swift in Sources */,
				FB0CB19D2980AD6D00131F7E /* Order.swift in Sources */,
				FB0CB1932980A80E00131F7E /* MenuTableViewController.swift in Sources */,
				FB0CB1952980A81900131F7E /* OrderTableViewController.swift in Sources */,
				FB0CB17D2980A37E00131F7E /* AppDelegate.swift in Sources */,
				FB0CB17F2980A37E00131F7E /* SceneDelegate.swift in Sources */,
				FB0CB1912980A7FF00131F7E /* CategoryTableViewController.swift in Sources */,
			);
			runOnlyForDeploymentPostprocessing = 0;
		};
/* End PBXSourcesBuildPhase section */

/* Begin PBXVariantGroup section */
		FB0CB1822980A37E00131F7E /* Main.storyboard */ = {
			isa = PBXVariantGroup;
			children = (
				FB0CB1832980A37E00131F7E /* Base */,
			);
			name = Main.storyboard;
			sourceTree = "<group>";
		};
		FB0CB1872980A38200131F7E /* LaunchScreen.storyboard */ = {
			isa = PBXVariantGroup;
			children = (
				FB0CB1882980A38200131F7E /* Base */,
			);
			name = LaunchScreen.storyboard;
			sourceTree = "<group>";
		};
/* End PBXVariantGroup section */

/* Begin XCBuildConfiguration section */
		FB0CB18B2980A38200131F7E /* Debug */ = {
			isa = XCBuildConfiguration;
			buildSettings = {
				ALWAYS_SEARCH_USER_PATHS = NO;
				CLANG_ANALYZER_NONNULL = YES;
				CLANG_ANALYZER_NUMBER_OBJECT_CONVERSION = YES_AGGRESSIVE;
				CLANG_CXX_LANGUAGE_STANDARD = "gnu++20";
				CLANG_ENABLE_MODULES = YES;
				CLANG_ENABLE_OBJC_ARC = YES;
				CLANG_ENABLE_OBJC_WEAK = YES;
				CLANG_WARN_BLOCK_CAPTURE_AUTORELEASING = YES;
				CLANG_WARN_BOOL_CONVERSION = YES;
				CLANG_WARN_COMMA = YES;
				CLANG_WARN_CONSTANT_CONVERSION = YES;
				CLANG_WARN_DEPRECATED_OBJC_IMPLEMENTATIONS = YES;
				CLANG_WARN_DIRECT_OBJC_ISA_USAGE = YES_ERROR;
				CLANG_WARN_DOCUMENTATION_COMMENTS = YES;
				CLANG_WARN_EMPTY_BODY = YES;
				CLANG_WARN_ENUM_CONVERSION = YES;
				CLANG_WARN_INFINITE_RECURSION = YES;
				CLANG_WARN_INT_CONVERSION = YES;
				CLANG_WARN_NON_LITERAL_NULL_CONVERSION = YES;
				CLANG_WARN_OBJC_IMPLICIT_RETAIN_SELF = YES;
				CLANG_WARN_OBJC_LITERAL_CONVERSION = YES;
				CLANG_WARN_OBJC_ROOT_CLASS = YES_ERROR;
				CLANG_WARN_QUOTED_INCLUDE_IN_FRAMEWORK_HEADER = YES;
				CLANG_WARN_RANGE_LOOP_ANALYSIS = YES;
				CLANG_WARN_STRICT_PROTOTYPES = YES;
				CLANG_WARN_SUSPICIOUS_MOVE = YES;
				CLANG_WARN_UNGUARDED_AVAILABILITY = YES_AGGRESSIVE;
				CLANG_WARN_UNREACHABLE_CODE = YES;
				CLANG_WARN__DUPLICATE_METHOD_MATCH = YES;
				COPY_PHASE_STRIP = NO;
				DEBUG_INFORMATION_FORMAT = dwarf;
				ENABLE_STRICT_OBJC_MSGSEND = YES;
				ENABLE_TESTABILITY = YES;
				GCC_C_LANGUAGE_STANDARD = gnu11;
				GCC_DYNAMIC_NO_PIC = NO;
				GCC_NO_COMMON_BLOCKS = YES;
				GCC_OPTIMIZATION_LEVEL = 0;
				GCC_PREPROCESSOR_DEFINITIONS = (
					"DEBUG=1",
					"$(inherited)",
				);
				GCC_WARN_64_TO_32_BIT_CONVERSION = YES;
				GCC_WARN_ABOUT_RETURN_TYPE = YES_ERROR;
				GCC_WARN_UNDECLARED_SELECTOR = YES;
				GCC_WARN_UNINITIALIZED_AUTOS = YES_AGGRESSIVE;
				GCC_WARN_UNUSED_FUNCTION = YES;
				GCC_WARN_UNUSED_VARIABLE = YES;
				IPHONEOS_DEPLOYMENT_TARGET = 16.1;
				MTL_ENABLE_DEBUG_INFO = INCLUDE_SOURCE;
				MTL_FAST_MATH = YES;
				ONLY_ACTIVE_ARCH = YES;
				SDKROOT = iphoneos;
				SWIFT_ACTIVE_COMPILATION_CONDITIONS = DEBUG;
				SWIFT_OPTIMIZATION_LEVEL = "-Onone";
			};
			name = Debug;
		};
		FB0CB18C2980A38200131F7E /* Release */ = {
			isa = XCBuildConfiguration;
			buildSettings = {
				ALWAYS_SEARCH_USER_PATHS = NO;
				CLANG_ANALYZER_NONNULL = YES;
				CLANG_ANALYZER_NUMBER_OBJECT_CONVERSION = YES_AGGRESSIVE;
				CLANG_CXX_LANGUAGE_STANDARD = "gnu++20";
				CLANG_ENABLE_MODULES = YES;
				CLANG_ENABLE_OBJC_ARC = YES;
				CLANG_ENABLE_OBJC_WEAK = YES;
				CLANG_WARN_BLOCK_CAPTURE_AUTORELEASING = YES;
				CLANG_WARN_BOOL_CONVERSION = YES;
				CLANG_WARN_COMMA = YES;
				CLANG_WARN_CONSTANT_CONVERSION = YES;
				CLANG_WARN_DEPRECATED_OBJC_IMPLEMENTATIONS = YES;
				CLANG_WARN_DIRECT_OBJC_ISA_USAGE = YES_ERROR;
				CLANG_WARN_DOCUMENTATION_COMMENTS = YES;
				CLANG_WARN_EMPTY_BODY = YES;
				CLANG_WARN_ENUM_CONVERSION = YES;
				CLANG_WARN_INFINITE_RECURSION = YES;
				CLANG_WARN_INT_CONVERSION = YES;
				CLANG_WARN_NON_LITERAL_NULL_CONVERSION = YES;
				CLANG_WARN_OBJC_IMPLICIT_RETAIN_SELF = YES;
				CLANG_WARN_OBJC_LITERAL_CONVERSION = YES;
				CLANG_WARN_OBJC_ROOT_CLASS = YES_ERROR;
				CLANG_WARN_QUOTED_INCLUDE_IN_FRAMEWORK_HEADER = YES;
				CLANG_WARN_RANGE_LOOP_ANALYSIS = YES;
				CLANG_WARN_STRICT_PROTOTYPES = YES;
				CLANG_WARN_SUSPICIOUS_MOVE = YES;
				CLANG_WARN_UNGUARDED_AVAILABILITY = YES_AGGRESSIVE;
				CLANG_WARN_UNREACHABLE_CODE = YES;
				CLANG_WARN__DUPLICATE_METHOD_MATCH = YES;
				COPY_PHASE_STRIP = NO;
				DEBUG_INFORMATION_FORMAT = "dwarf-with-dsym";
				ENABLE_NS_ASSERTIONS = NO;
				ENABLE_STRICT_OBJC_MSGSEND = YES;
				GCC_C_LANGUAGE_STANDARD = gnu11;
				GCC_NO_COMMON_BLOCKS = YES;
				GCC_WARN_64_TO_32_BIT_CONVERSION = YES;
				GCC_WARN_ABOUT_RETURN_TYPE = YES_ERROR;
				GCC_WARN_UNDECLARED_SELECTOR = YES;
				GCC_WARN_UNINITIALIZED_AUTOS = YES_AGGRESSIVE;
				GCC_WARN_UNUSED_FUNCTION = YES;
				GCC_WARN_UNUSED_VARIABLE = YES;
				IPHONEOS_DEPLOYMENT_TARGET = 16.1;
				MTL_ENABLE_DEBUG_INFO = NO;
				MTL_FAST_MATH = YES;
				SDKROOT = iphoneos;
				SWIFT_COMPILATION_MODE = wholemodule;
				SWIFT_OPTIMIZATION_LEVEL = "-O";
				VALIDATE_PRODUCT = YES;
			};
			name = Release;
		};
		FB0CB18E2980A38200131F7E /* Debug */ = {
			isa = XCBuildConfiguration;
			buildSettings = {
				ASSETCATALOG_COMPILER_APPICON_NAME = AppIcon;
				ASSETCATALOG_COMPILER_GLOBAL_ACCENT_COLOR_NAME = AccentColor;
				CODE_SIGN_STYLE = Automatic;
				CURRENT_PROJECT_VERSION = 1;
				DEVELOPMENT_TEAM = ZG77H8ZUG9;
				GENERATE_INFOPLIST_FILE = YES;
				INFOPLIST_FILE = MyRestaurant/Info.plist;
				INFOPLIST_KEY_UIApplicationSupportsIndirectInputEvents = YES;
				INFOPLIST_KEY_UILaunchStoryboardName = LaunchScreen;
				INFOPLIST_KEY_UIMainStoryboardFile = Main;
				INFOPLIST_KEY_UISupportedInterfaceOrientations_iPad = "UIInterfaceOrientationPortrait UIInterfaceOrientationPortraitUpsideDown UIInterfaceOrientationLandscapeLeft UIInterfaceOrientationLandscapeRight";
				INFOPLIST_KEY_UISupportedInterfaceOrientations_iPhone = "UIInterfaceOrientationPortrait UIInterfaceOrientationLandscapeLeft UIInterfaceOrientationLandscapeRight";
				LD_RUNPATH_SEARCH_PATHS = (
					"$(inherited)",
					"@executable_path/Frameworks",
				);
				MARKETING_VERSION = 1.0;
				PRODUCT_BUNDLE_IDENTIFIER = UNAM.MyRestaurant;
				PRODUCT_NAME = "$(TARGET_NAME)";
				SWIFT_EMIT_LOC_STRINGS = YES;
				SWIFT_VERSION = 5.0;
				TARGETED_DEVICE_FAMILY = "1,2";
			};
			name = Debug;
		};
		FB0CB18F2980A38200131F7E /* Release */ = {
			isa = XCBuildConfiguration;
			buildSettings = {
				ASSETCATALOG_COMPILER_APPICON_NAME = AppIcon;
				ASSETCATALOG_COMPILER_GLOBAL_ACCENT_COLOR_NAME = AccentColor;
				CODE_SIGN_STYLE = Automatic;
				CURRENT_PROJECT_VERSION = 1;
				DEVELOPMENT_TEAM = ZG77H8ZUG9;
				GENERATE_INFOPLIST_FILE = YES;
				INFOPLIST_FILE = MyRestaurant/Info.plist;
				INFOPLIST_KEY_UIApplicationSupportsIndirectInputEvents = YES;
				INFOPLIST_KEY_UILaunchStoryboardName = LaunchScreen;
				INFOPLIST_KEY_UIMainStoryboardFile = Main;
				INFOPLIST_KEY_UISupportedInterfaceOrientations_iPad = "UIInterfaceOrientationPortrait UIInterfaceOrientationPortraitUpsideDown UIInterfaceOrientationLandscapeLeft UIInterfaceOrientationLandscapeRight";
				INFOPLIST_KEY_UISupportedInterfaceOrientations_iPhone = "UIInterfaceOrientationPortrait UIInterfaceOrientationLandscapeLeft UIInterfaceOrientationLandscapeRight";
				LD_RUNPATH_SEARCH_PATHS = (
					"$(inherited)",
					"@executable_path/Frameworks",
				);
				MARKETING_VERSION = 1.0;
				PRODUCT_BUNDLE_IDENTIFIER = UNAM.MyRestaurant;
				PRODUCT_NAME = "$(TARGET_NAME)";
				SWIFT_EMIT_LOC_STRINGS = YES;
				SWIFT_VERSION = 5.0;
				TARGETED_DEVICE_FAMILY = "1,2";
			};
			name = Release;
		};
/* End XCBuildConfiguration section */

/* Begin XCConfigurationList section */
		FB0CB1742980A37E00131F7E /* Build configuration list for PBXProject "MyRestaurant" */ = {
			isa = XCConfigurationList;
			buildConfigurations = (
				FB0CB18B2980A38200131F7E /* Debug */,
				FB0CB18C2980A38200131F7E /* Release */,
			);
			defaultConfigurationIsVisible = 0;
			defaultConfigurationName = Release;
		};
		FB0CB18D2980A38200131F7E /* Build configuration list for PBXNativeTarget "MyRestaurant" */ = {
			isa = XCConfigurationList;
			buildConfigurations = (
				FB0CB18E2980A38200131F7E /* Debug */,
				FB0CB18F2980A38200131F7E /* Release */,
			);
			defaultConfigurationIsVisible = 0;
			defaultConfigurationName = Release;
		};
/* End XCConfigurationList section */
	};
	rootObject = FB0CB1712980A37E00131F7E /* Project object */;
}
