// !$*UTF8*$!
{
	archiveVersion = 1;
	classes = {
	};
	objectVersion = 56;
	objects = {

/* Begin PBXBuildFile section */
		FB0F10EF2981F4D700459050 /* LandmarksApp.swift in Sources */ = {isa = PBXBuildFile; fileRef = FB0F10EE2981F4D700459050 /* LandmarksApp.swift */; };
		FB0F10F12981F4D700459050 /* ContentView.swift in Sources */ = {isa = PBXBuildFile; fileRef = FB0F10F02981F4D700459050 /* ContentView.swift */; };
		FB0F10F32981F4DF00459050 /* Assets.xcassets in Resources */ = {isa = PBXBuildFile; fileRef = FB0F10F22981F4DF00459050 /* Assets.xcassets */; };
		FB0F10F62981F4DF00459050 /* Preview Assets.xcassets in Resources */ = {isa = PBXBuildFile; fileRef = FB0F10F52981F4DF00459050 /* Preview Assets.xcassets */; };
		FB169E85298350590079FAAA /* CategoryHome.swift in Sources */ = {isa = PBXBuildFile; fileRef = FB169E84298350590079FAAA /* CategoryHome.swift */; };
		FB169E87298353000079FAAA /* CategoryRow.swift in Sources */ = {isa = PBXBuildFile; fileRef = FB169E86298353000079FAAA /* CategoryRow.swift */; };
		FB169E892983556B0079FAAA /* CategoryItem.swift in Sources */ = {isa = PBXBuildFile; fileRef = FB169E882983556B0079FAAA /* CategoryItem.swift */; };
		FBA2760F29832811008F0B76 /* LandmarkList.swift in Sources */ = {isa = PBXBuildFile; fileRef = FBA2760E29832811008F0B76 /* LandmarkList.swift */; };
		FBA27611298329EF008F0B76 /* LandmarkDetail.swift in Sources */ = {isa = PBXBuildFile; fileRef = FBA27610298329EF008F0B76 /* LandmarkDetail.swift */; };
		FBA2761329833E40008F0B76 /* FavoriteButton.swift in Sources */ = {isa = PBXBuildFile; fileRef = FBA2761229833E3F008F0B76 /* FavoriteButton.swift */; };
		FBBFE66C2981F73F008FEEB4 /* CircleImage.swift in Sources */ = {isa = PBXBuildFile; fileRef = FBBFE66B2981F73F008FEEB4 /* CircleImage.swift */; };
		FBBFE66E2981F897008FEEB4 /* MapView.swift in Sources */ = {isa = PBXBuildFile; fileRef = FBBFE66D2981F897008FEEB4 /* MapView.swift */; };
		FBBFE670298200D2008FEEB4 /* landmarkData.json in Resources */ = {isa = PBXBuildFile; fileRef = FBBFE66F298200D2008FEEB4 /* landmarkData.json */; };
		FBBFE6722982013A008FEEB4 /* Landmark.swift in Sources */ = {isa = PBXBuildFile; fileRef = FBBFE6712982013A008FEEB4 /* Landmark.swift */; };
		FBBFE67429820379008FEEB4 /* ModelData.swift in Sources */ = {isa = PBXBuildFile; fileRef = FBBFE67329820379008FEEB4 /* ModelData.swift */; };
		FBBFE67B29820884008FEEB4 /* LandmarkRowView.swift in Sources */ = {isa = PBXBuildFile; fileRef = FBBFE67A29820884008FEEB4 /* LandmarkRowView.swift */; };
		FBF8C0C6298488F400A2DEA0 /* HexagonParameters.swift in Sources */ = {isa = PBXBuildFile; fileRef = FBF8C0C5298488F400A2DEA0 /* HexagonParameters.swift */; };
		FBF8C0C829848A8600A2DEA0 /* BadgeBackground.swift in Sources */ = {isa = PBXBuildFile; fileRef = FBF8C0C729848A8600A2DEA0 /* BadgeBackground.swift */; };
		FBF8C0CA2984950600A2DEA0 /* BadgeSymbol.swift in Sources */ = {isa = PBXBuildFile; fileRef = FBF8C0C92984950600A2DEA0 /* BadgeSymbol.swift */; };
		FBF8C0CC2984986F00A2DEA0 /* RotatedBadgeSymbol.swift in Sources */ = {isa = PBXBuildFile; fileRef = FBF8C0CB2984986F00A2DEA0 /* RotatedBadgeSymbol.swift */; };
		FBF8C0CE2984993700A2DEA0 /* Badge.swift in Sources */ = {isa = PBXBuildFile; fileRef = FBF8C0CD2984993700A2DEA0 /* Badge.swift */; };
/* End PBXBuildFile section */

/* Begin PBXFileReference section */
		FB0F10EB2981F4D600459050 /* Landmarks.app */ = {isa = PBXFileReference; explicitFileType = wrapper.application; includeInIndex = 0; path = Landmarks.app; sourceTree = BUILT_PRODUCTS_DIR; };
		FB0F10EE2981F4D700459050 /* LandmarksApp.swift */ = {isa = PBXFileReference; lastKnownFileType = sourcecode.swift; path = LandmarksApp.swift; sourceTree = "<group>"; };
		FB0F10F02981F4D700459050 /* ContentView.swift */ = {isa = PBXFileReference; lastKnownFileType = sourcecode.swift; path = ContentView.swift; sourceTree = "<group>"; };
		FB0F10F22981F4DF00459050 /* Assets.xcassets */ = {isa = PBXFileReference; lastKnownFileType = folder.assetcatalog; path = Assets.xcassets; sourceTree = "<group>"; };
		FB0F10F52981F4DF00459050 /* Preview Assets.xcassets */ = {isa = PBXFileReference; lastKnownFileType = folder.assetcatalog; path = "Preview Assets.xcassets"; sourceTree = "<group>"; };
		FB169E84298350590079FAAA /* CategoryHome.swift */ = {isa = PBXFileReference; lastKnownFileType = sourcecode.swift; path = CategoryHome.swift; sourceTree = "<group>"; };
		FB169E86298353000079FAAA /* CategoryRow.swift */ = {isa = PBXFileReference; lastKnownFileType = sourcecode.swift; path = CategoryRow.swift; sourceTree = "<group>"; };
		FB169E882983556B0079FAAA /* CategoryItem.swift */ = {isa = PBXFileReference; lastKnownFileType = sourcecode.swift; path = CategoryItem.swift; sourceTree = "<group>"; };
		FBA2760E29832811008F0B76 /* LandmarkList.swift */ = {isa = PBXFileReference; lastKnownFileType = sourcecode.swift; path = LandmarkList.swift; sourceTree = "<group>"; };
		FBA27610298329EF008F0B76 /* LandmarkDetail.swift */ = {isa = PBXFileReference; lastKnownFileType = sourcecode.swift; path = LandmarkDetail.swift; sourceTree = "<group>"; };
		FBA2761229833E3F008F0B76 /* FavoriteButton.swift */ = {isa = PBXFileReference; lastKnownFileType = sourcecode.swift; path = FavoriteButton.swift; sourceTree = "<group>"; };
		FBBFE66B2981F73F008FEEB4 /* CircleImage.swift */ = {isa = PBXFileReference; lastKnownFileType = sourcecode.swift; path = CircleImage.swift; sourceTree = "<group>"; };
		FBBFE66D2981F897008FEEB4 /* MapView.swift */ = {isa = PBXFileReference; lastKnownFileType = sourcecode.swift; path = MapView.swift; sourceTree = "<group>"; };
		FBBFE66F298200D2008FEEB4 /* landmarkData.json */ = {isa = PBXFileReference; fileEncoding = 4; lastKnownFileType = text.json; path = landmarkData.json; sourceTree = "<group>"; };
		FBBFE6712982013A008FEEB4 /* Landmark.swift */ = {isa = PBXFileReference; lastKnownFileType = sourcecode.swift; path = Landmark.swift; sourceTree = "<group>"; };
		FBBFE67329820379008FEEB4 /* ModelData.swift */ = {isa = PBXFileReference; lastKnownFileType = sourcecode.swift; path = ModelData.swift; sourceTree = "<group>"; };
		FBBFE67A29820884008FEEB4 /* LandmarkRowView.swift */ = {isa = PBXFileReference; lastKnownFileType = sourcecode.swift; path = LandmarkRowView.swift; sourceTree = "<group>"; };
		FBF8C0C5298488F400A2DEA0 /* HexagonParameters.swift */ = {isa = PBXFileReference; lastKnownFileType = sourcecode.swift; path = HexagonParameters.swift; sourceTree = "<group>"; };
		FBF8C0C729848A8600A2DEA0 /* BadgeBackground.swift */ = {isa = PBXFileReference; lastKnownFileType = sourcecode.swift; path = BadgeBackground.swift; sourceTree = "<group>"; };
		FBF8C0C92984950600A2DEA0 /* BadgeSymbol.swift */ = {isa = PBXFileReference; lastKnownFileType = sourcecode.swift; path = BadgeSymbol.swift; sourceTree = "<group>"; };
		FBF8C0CB2984986F00A2DEA0 /* RotatedBadgeSymbol.swift */ = {isa = PBXFileReference; lastKnownFileType = sourcecode.swift; path = RotatedBadgeSymbol.swift; sourceTree = "<group>"; };
		FBF8C0CD2984993700A2DEA0 /* Badge.swift */ = {isa = PBXFileReference; lastKnownFileType = sourcecode.swift; path = Badge.swift; sourceTree = "<group>"; };
/* End PBXFileReference section */

/* Begin PBXFrameworksBuildPhase section */
		FB0F10E82981F4D600459050 /* Frameworks */ = {
			isa = PBXFrameworksBuildPhase;
			buildActionMask = 2147483647;
			files = (
			);
			runOnlyForDeploymentPostprocessing = 0;
		};
/* End PBXFrameworksBuildPhase section */

/* Begin PBXGroup section */
		FB0F10E22981F4D600459050 = {
			isa = PBXGroup;
			children = (
				FB0F10ED2981F4D600459050 /* Landmarks */,
				FB0F10EC2981F4D600459050 /* Products */,
			);
			sourceTree = "<group>";
		};
		FB0F10EC2981F4D600459050 /* Products */ = {
			isa = PBXGroup;
			children = (
				FB0F10EB2981F4D600459050 /* Landmarks.app */,
			);
			name = Products;
			sourceTree = "<group>";
		};
		FB0F10ED2981F4D600459050 /* Landmarks */ = {
			isa = PBXGroup;
			children = (
				FBBFE677298205B8008FEEB4 /* Resources */,
				FB0F10EE2981F4D700459050 /* LandmarksApp.swift */,
				FBBFE6752982056B008FEEB4 /* Views */,
				FBBFE67629820591008FEEB4 /* Model */,
				FB0F10F22981F4DF00459050 /* Assets.xcassets */,
				FB0F10F42981F4DF00459050 /* Preview Content */,
			);
			path = Landmarks;
			sourceTree = "<group>";
		};
		FB0F10F42981F4DF00459050 /* Preview Content */ = {
			isa = PBXGroup;
			children = (
				FB0F10F52981F4DF00459050 /* Preview Assets.xcassets */,
			);
			path = "Preview Content";
			sourceTree = "<group>";
		};
		FB169E832983502F0079FAAA /* Categories */ = {
			isa = PBXGroup;
			children = (
				FB169E84298350590079FAAA /* CategoryHome.swift */,
				FB169E86298353000079FAAA /* CategoryRow.swift */,
				FB169E882983556B0079FAAA /* CategoryItem.swift */,
			);
			path = Categories;
			sourceTree = "<group>";
		};
		FB36F29F2983408600BD811A /* Landmarks */ = {
			isa = PBXGroup;
			children = (
				FBA2760E29832811008F0B76 /* LandmarkList.swift */,
				FBBFE67A29820884008FEEB4 /* LandmarkRowView.swift */,
				FBA27610298329EF008F0B76 /* LandmarkDetail.swift */,
			);
			path = Landmarks;
			sourceTree = "<group>";
		};
		FB36F2A02983418100BD811A /* Helpers */ = {
			isa = PBXGroup;
			children = (
				FBBFE66D2981F897008FEEB4 /* MapView.swift */,
				FBBFE66B2981F73F008FEEB4 /* CircleImage.swift */,
				FBA2761229833E3F008F0B76 /* FavoriteButton.swift */,
			);
			path = Helpers;
			sourceTree = "<group>";
		};
		FBBFE6752982056B008FEEB4 /* Views */ = {
			isa = PBXGroup;
			children = (
				FBF8C0CF29849B2C00A2DEA0 /* Badges */,
				FB169E832983502F0079FAAA /* Categories */,
				FB36F2A02983418100BD811A /* Helpers */,
				FB36F29F2983408600BD811A /* Landmarks */,
				FB0F10F02981F4D700459050 /* ContentView.swift */,
			);
			path = Views;
			sourceTree = "<group>";
		};
		FBBFE67629820591008FEEB4 /* Model */ = {
			isa = PBXGroup;
			children = (
				FBBFE6712982013A008FEEB4 /* Landmark.swift */,
				FBBFE67329820379008FEEB4 /* ModelData.swift */,
			);
			path = Model;
			sourceTree = "<group>";
		};
		FBBFE677298205B8008FEEB4 /* Resources */ = {
			isa = PBXGroup;
			children = (
				FBBFE66F298200D2008FEEB4 /* landmarkData.json */,
			);
			path = Resources;
			sourceTree = "<group>";
		};
		FBF8C0CF29849B2C00A2DEA0 /* Badges */ = {
			isa = PBXGroup;
			children = (
				FBF8C0C92984950600A2DEA0 /* BadgeSymbol.swift */,
				FBF8C0CB2984986F00A2DEA0 /* RotatedBadgeSymbol.swift */,
				FBF8C0C729848A8600A2DEA0 /* BadgeBackground.swift */,
				FBF8C0CD2984993700A2DEA0 /* Badge.swift */,
				FBF8C0C5298488F400A2DEA0 /* HexagonParameters.swift */,
			);
			path = Badges;
			sourceTree = "<group>";
		};
/* End PBXGroup section */

/* Begin PBXNativeTarget section */
		FB0F10EA2981F4D600459050 /* Landmarks */ = {
			isa = PBXNativeTarget;
			buildConfigurationList = FB0F10F92981F4DF00459050 /* Build configuration list for PBXNativeTarget "Landmarks" */;
			buildPhases = (
				FB0F10E72981F4D600459050 /* Sources */,
				FB0F10E82981F4D600459050 /* Frameworks */,
				FB0F10E92981F4D600459050 /* Resources */,
			);
			buildRules = (
			);
			dependencies = (
			);
			name = Landmarks;
			productName = Landmarks;
			productReference = FB0F10EB2981F4D600459050 /* Landmarks.app */;
			productType = "com.apple.product-type.application";
		};
/* End PBXNativeTarget section */

/* Begin PBXProject section */
		FB0F10E32981F4D600459050 /* Project object */ = {
			isa = PBXProject;
			attributes = {
				BuildIndependentTargetsInParallel = 1;
				LastSwiftUpdateCheck = 1410;
				LastUpgradeCheck = 1410;
				TargetAttributes = {
					FB0F10EA2981F4D600459050 = {
						CreatedOnToolsVersion = 14.1;
					};
				};
			};
			buildConfigurationList = FB0F10E62981F4D600459050 /* Build configuration list for PBXProject "Landmarks" */;
			compatibilityVersion = "Xcode 14.0";
			developmentRegion = en;
			hasScannedForEncodings = 0;
			knownRegions = (
				en,
				Base,
			);
			mainGroup = FB0F10E22981F4D600459050;
			productRefGroup = FB0F10EC2981F4D600459050 /* Products */;
			projectDirPath = "";
			projectRoot = "";
			targets = (
				FB0F10EA2981F4D600459050 /* Landmarks */,
			);
		};
/* End PBXProject section */

/* Begin PBXResourcesBuildPhase section */
		FB0F10E92981F4D600459050 /* Resources */ = {
			isa = PBXResourcesBuildPhase;
			buildActionMask = 2147483647;
			files = (
				FB0F10F62981F4DF00459050 /* Preview Assets.xcassets in Resources */,
				FB0F10F32981F4DF00459050 /* Assets.xcassets in Resources */,
				FBBFE670298200D2008FEEB4 /* landmarkData.json in Resources */,
			);
			runOnlyForDeploymentPostprocessing = 0;
		};
/* End PBXResourcesBuildPhase section */

/* Begin PBXSourcesBuildPhase section */
		FB0F10E72981F4D600459050 /* Sources */ = {
			isa = PBXSourcesBuildPhase;
			buildActionMask = 2147483647;
			files = (
				FBF8C0C6298488F400A2DEA0 /* HexagonParameters.swift in Sources */,
				FB0F10F12981F4D700459050 /* ContentView.swift in Sources */,
				FBBFE66E2981F897008FEEB4 /* MapView.swift in Sources */,
				FB0F10EF2981F4D700459050 /* LandmarksApp.swift in Sources */,
				FBA2761329833E40008F0B76 /* FavoriteButton.swift in Sources */,
				FBF8C0CC2984986F00A2DEA0 /* RotatedBadgeSymbol.swift in Sources */,
				FBF8C0CA2984950600A2DEA0 /* BadgeSymbol.swift in Sources */,
				FBF8C0CE2984993700A2DEA0 /* Badge.swift in Sources */,
				FB169E85298350590079FAAA /* CategoryHome.swift in Sources */,
				FBA2760F29832811008F0B76 /* LandmarkList.swift in Sources */,
				FBA27611298329EF008F0B76 /* LandmarkDetail.swift in Sources */,
				FBBFE66C2981F73F008FEEB4 /* CircleImage.swift in Sources */,
				FB169E892983556B0079FAAA /* CategoryItem.swift in Sources */,
				FBBFE67B29820884008FEEB4 /* LandmarkRowView.swift in Sources */,
				FBBFE6722982013A008FEEB4 /* Landmark.swift in Sources */,
				FB169E87298353000079FAAA /* CategoryRow.swift in Sources */,
				FBF8C0C829848A8600A2DEA0 /* BadgeBackground.swift in Sources */,
				FBBFE67429820379008FEEB4 /* ModelData.swift in Sources */,
			);
			runOnlyForDeploymentPostprocessing = 0;
		};
/* End PBXSourcesBuildPhase section */

/* Begin XCBuildConfiguration section */
		FB0F10F72981F4DF00459050 /* Debug */ = {
			isa = XCBuildConfiguration;
			buildSettings = {
				ALWAYS_SEARCH_USER_PATHS = NO;
				CLANG_ANALYZER_NONNULL = YES;
				CLANG_ANALYZER_NUMBER_OBJECT_CONVERSION = YES_AGGRESSIVE;
				CLANG_CXX_LANGUAGE_STANDARD = "gnu++20";
				CLANG_ENABLE_MODULES = YES;
				CLANG_ENABLE_OBJC_ARC = YES;
				CLANG_ENABLE_OBJC_WEAK = YES;
				CLANG_WARN_BLOCK_CAPTURE_AUTORELEASING = YES;
				CLANG_WARN_BOOL_CONVERSION = YES;
				CLANG_WARN_COMMA = YES;
				CLANG_WARN_CONSTANT_CONVERSION = YES;
				CLANG_WARN_DEPRECATED_OBJC_IMPLEMENTATIONS = YES;
				CLANG_WARN_DIRECT_OBJC_ISA_USAGE = YES_ERROR;
				CLANG_WARN_DOCUMENTATION_COMMENTS = YES;
				CLANG_WARN_EMPTY_BODY = YES;
				CLANG_WARN_ENUM_CONVERSION = YES;
				CLANG_WARN_INFINITE_RECURSION = YES;
				CLANG_WARN_INT_CONVERSION = YES;
				CLANG_WARN_NON_LITERAL_NULL_CONVERSION = YES;
				CLANG_WARN_OBJC_IMPLICIT_RETAIN_SELF = YES;
				CLANG_WARN_OBJC_LITERAL_CONVERSION = YES;
				CLANG_WARN_OBJC_ROOT_CLASS = YES_ERROR;
				CLANG_WARN_QUOTED_INCLUDE_IN_FRAMEWORK_HEADER = YES;
				CLANG_WARN_RANGE_LOOP_ANALYSIS = YES;
				CLANG_WARN_STRICT_PROTOTYPES = YES;
				CLANG_WARN_SUSPICIOUS_MOVE = YES;
				CLANG_WARN_UNGUARDED_AVAILABILITY = YES_AGGRESSIVE;
				CLANG_WARN_UNREACHABLE_CODE = YES;
				CLANG_WARN__DUPLICATE_METHOD_MATCH = YES;
				COPY_PHASE_STRIP = NO;
				DEBUG_INFORMATION_FORMAT = dwarf;
				ENABLE_STRICT_OBJC_MSGSEND = YES;
				ENABLE_TESTABILITY = YES;
				GCC_C_LANGUAGE_STANDARD = gnu11;
				GCC_DYNAMIC_NO_PIC = NO;
				GCC_NO_COMMON_BLOCKS = YES;
				GCC_OPTIMIZATION_LEVEL = 0;
				GCC_PREPROCESSOR_DEFINITIONS = (
					"DEBUG=1",
					"$(inherited)",
				);
				GCC_WARN_64_TO_32_BIT_CONVERSION = YES;
				GCC_WARN_ABOUT_RETURN_TYPE = YES_ERROR;
				GCC_WARN_UNDECLARED_SELECTOR = YES;
				GCC_WARN_UNINITIALIZED_AUTOS = YES_AGGRESSIVE;
				GCC_WARN_UNUSED_FUNCTION = YES;
				GCC_WARN_UNUSED_VARIABLE = YES;
				IPHONEOS_DEPLOYMENT_TARGET = 16.1;
				MTL_ENABLE_DEBUG_INFO = INCLUDE_SOURCE;
				MTL_FAST_MATH = YES;
				ONLY_ACTIVE_ARCH = YES;
				SDKROOT = iphoneos;
				SWIFT_ACTIVE_COMPILATION_CONDITIONS = DEBUG;
				SWIFT_OPTIMIZATION_LEVEL = "-Onone";
			};
			name = Debug;
		};
		FB0F10F82981F4DF00459050 /* Release */ = {
			isa = XCBuildConfiguration;
			buildSettings = {
				ALWAYS_SEARCH_USER_PATHS = NO;
				CLANG_ANALYZER_NONNULL = YES;
				CLANG_ANALYZER_NUMBER_OBJECT_CONVERSION = YES_AGGRESSIVE;
				CLANG_CXX_LANGUAGE_STANDARD = "gnu++20";
				CLANG_ENABLE_MODULES = YES;
				CLANG_ENABLE_OBJC_ARC = YES;
				CLANG_ENABLE_OBJC_WEAK = YES;
				CLANG_WARN_BLOCK_CAPTURE_AUTORELEASING = YES;
				CLANG_WARN_BOOL_CONVERSION = YES;
				CLANG_WARN_COMMA = YES;
				CLANG_WARN_CONSTANT_CONVERSION = YES;
				CLANG_WARN_DEPRECATED_OBJC_IMPLEMENTATIONS = YES;
				CLANG_WARN_DIRECT_OBJC_ISA_USAGE = YES_ERROR;
				CLANG_WARN_DOCUMENTATION_COMMENTS = YES;
				CLANG_WARN_EMPTY_BODY = YES;
				CLANG_WARN_ENUM_CONVERSION = YES;
				CLANG_WARN_INFINITE_RECURSION = YES;
				CLANG_WARN_INT_CONVERSION = YES;
				CLANG_WARN_NON_LITERAL_NULL_CONVERSION = YES;
				CLANG_WARN_OBJC_IMPLICIT_RETAIN_SELF = YES;
				CLANG_WARN_OBJC_LITERAL_CONVERSION = YES;
				CLANG_WARN_OBJC_ROOT_CLASS = YES_ERROR;
				CLANG_WARN_QUOTED_INCLUDE_IN_FRAMEWORK_HEADER = YES;
				CLANG_WARN_RANGE_LOOP_ANALYSIS = YES;
				CLANG_WARN_STRICT_PROTOTYPES = YES;
				CLANG_WARN_SUSPICIOUS_MOVE = YES;
				CLANG_WARN_UNGUARDED_AVAILABILITY = YES_AGGRESSIVE;
				CLANG_WARN_UNREACHABLE_CODE = YES;
				CLANG_WARN__DUPLICATE_METHOD_MATCH = YES;
				COPY_PHASE_STRIP = NO;
				DEBUG_INFORMATION_FORMAT = "dwarf-with-dsym";
				ENABLE_NS_ASSERTIONS = NO;
				ENABLE_STRICT_OBJC_MSGSEND = YES;
				GCC_C_LANGUAGE_STANDARD = gnu11;
				GCC_NO_COMMON_BLOCKS = YES;
				GCC_WARN_64_TO_32_BIT_CONVERSION = YES;
				GCC_WARN_ABOUT_RETURN_TYPE = YES_ERROR;
				GCC_WARN_UNDECLARED_SELECTOR = YES;
				GCC_WARN_UNINITIALIZED_AUTOS = YES_AGGRESSIVE;
				GCC_WARN_UNUSED_FUNCTION = YES;
				GCC_WARN_UNUSED_VARIABLE = YES;
				IPHONEOS_DEPLOYMENT_TARGET = 16.1;
				MTL_ENABLE_DEBUG_INFO = NO;
				MTL_FAST_MATH = YES;
				SDKROOT = iphoneos;
				SWIFT_COMPILATION_MODE = wholemodule;
				SWIFT_OPTIMIZATION_LEVEL = "-O";
				VALIDATE_PRODUCT = YES;
			};
			name = Release;
		};
		FB0F10FA2981F4DF00459050 /* Debug */ = {
			isa = XCBuildConfiguration;
			buildSettings = {
				ASSETCATALOG_COMPILER_APPICON_NAME = AppIcon;
				ASSETCATALOG_COMPILER_GLOBAL_ACCENT_COLOR_NAME = AccentColor;
				CODE_SIGN_STYLE = Automatic;
				CURRENT_PROJECT_VERSION = 1;
				DEVELOPMENT_ASSET_PATHS = "\"Landmarks/Preview Content\"";
				DEVELOPMENT_TEAM = ZG77H8ZUG9;
				ENABLE_PREVIEWS = YES;
				GENERATE_INFOPLIST_FILE = YES;
				INFOPLIST_KEY_UIApplicationSceneManifest_Generation = YES;
				INFOPLIST_KEY_UIApplicationSupportsIndirectInputEvents = YES;
				INFOPLIST_KEY_UILaunchScreen_Generation = YES;
				INFOPLIST_KEY_UISupportedInterfaceOrientations_iPad = "UIInterfaceOrientationPortrait UIInterfaceOrientationPortraitUpsideDown UIInterfaceOrientationLandscapeLeft UIInterfaceOrientationLandscapeRight";
				INFOPLIST_KEY_UISupportedInterfaceOrientations_iPhone = "UIInterfaceOrientationPortrait UIInterfaceOrientationLandscapeLeft UIInterfaceOrientationLandscapeRight";
				LD_RUNPATH_SEARCH_PATHS = (
					"$(inherited)",
					"@executable_path/Frameworks",
				);
				MARKETING_VERSION = 1.0;
				PRODUCT_BUNDLE_IDENTIFIER = UNAM.Landmarks;
				PRODUCT_NAME = "$(TARGET_NAME)";
				SWIFT_EMIT_LOC_STRINGS = YES;
				SWIFT_VERSION = 5.0;
				TARGETED_DEVICE_FAMILY = "1,2";
			};
			name = Debug;
		};
		FB0F10FB2981F4DF00459050 /* Release */ = {
			isa = XCBuildConfiguration;
			buildSettings = {
				ASSETCATALOG_COMPILER_APPICON_NAME = AppIcon;
				ASSETCATALOG_COMPILER_GLOBAL_ACCENT_COLOR_NAME = AccentColor;
				CODE_SIGN_STYLE = Automatic;
				CURRENT_PROJECT_VERSION = 1;
				DEVELOPMENT_ASSET_PATHS = "\"Landmarks/Preview Content\"";
				DEVELOPMENT_TEAM = ZG77H8ZUG9;
				ENABLE_PREVIEWS = YES;
				GENERATE_INFOPLIST_FILE = YES;
				INFOPLIST_KEY_UIApplicationSceneManifest_Generation = YES;
				INFOPLIST_KEY_UIApplicationSupportsIndirectInputEvents = YES;
				INFOPLIST_KEY_UILaunchScreen_Generation = YES;
				INFOPLIST_KEY_UISupportedInterfaceOrientations_iPad = "UIInterfaceOrientationPortrait UIInterfaceOrientationPortraitUpsideDown UIInterfaceOrientationLandscapeLeft UIInterfaceOrientationLandscapeRight";
				INFOPLIST_KEY_UISupportedInterfaceOrientations_iPhone = "UIInterfaceOrientationPortrait UIInterfaceOrientationLandscapeLeft UIInterfaceOrientationLandscapeRight";
				LD_RUNPATH_SEARCH_PATHS = (
					"$(inherited)",
					"@executable_path/Frameworks",
				);
				MARKETING_VERSION = 1.0;
				PRODUCT_BUNDLE_IDENTIFIER = UNAM.Landmarks;
				PRODUCT_NAME = "$(TARGET_NAME)";
				SWIFT_EMIT_LOC_STRINGS = YES;
				SWIFT_VERSION = 5.0;
				TARGETED_DEVICE_FAMILY = "1,2";
			};
			name = Release;
		};
/* End XCBuildConfiguration section */

/* Begin XCConfigurationList section */
		FB0F10E62981F4D600459050 /* Build configuration list for PBXProject "Landmarks" */ = {
			isa = XCConfigurationList;
			buildConfigurations = (
				FB0F10F72981F4DF00459050 /* Debug */,
				FB0F10F82981F4DF00459050 /* Release */,
			);
			defaultConfigurationIsVisible = 0;
			defaultConfigurationName = Release;
		};
		FB0F10F92981F4DF00459050 /* Build configuration list for PBXNativeTarget "Landmarks" */ = {
			isa = XCConfigurationList;
			buildConfigurations = (
				FB0F10FA2981F4DF00459050 /* Debug */,
				FB0F10FB2981F4DF00459050 /* Release */,
			);
			defaultConfigurationIsVisible = 0;
			defaultConfigurationName = Release;
		};
/* End XCConfigurationList section */
	};
	rootObject = FB0F10E32981F4D600459050 /* Project object */;
}
